
Microsoft Visual Studio Solution File, Format Version 12.00
# Visual Studio Version 17
VisualStudioVersion = 17.12.35506.116
MinimumVisualStudioVersion = 10.0.40219.1
Project("{FAE04EC0-301F-11D3-BF4B-00C04F79EFBC}") = "Api.DotNet.Domain", "Api.DotNet.Domain\Api.DotNet.Domain.csproj", "{73CC81A8-165E-4B26-A15F-D7942D4DD601}"
EndProject
Project("{FAE04EC0-301F-11D3-BF4B-00C04F79EFBC}") = "Api.DotNet.Infra.Data", "Api.DotNet.Infra.Data\Api.DotNet.Infra.Data.csproj", "{2190F038-1585-4169-88AD-E9AE516AEA39}"
EndProject
Project("{FAE04EC0-301F-11D3-BF4B-00C04F79EFBC}") = "Api.DotNet.App", "Api.DotNet.App\Api.DotNet.App.csproj", "{D50B7F1F-DA8E-472C-A9F3-39D0FCC13DCA}"
EndProject
Project("{FAE04EC0-301F-11D3-BF4B-00C04F79EFBC}") = "Api.DotNet.Infra.IoC", "Api.DotNet.Infra.IoC\Api.DotNet.Infra.IoC.csproj", "{C7A2C17E-6AC2-4AEB-A9B3-6ACB82FC716C}"
EndProject
Project("{FAE04EC0-301F-11D3-BF4B-00C04F79EFBC}") = "Api.DotNet.Api1", "Api.DotNet.Api1\Api.DotNet.Api1.csproj", "{D7883FE7-1452-4B87-B652-8900B7D6B5A1}"
EndProject
Global
	GlobalSection(SolutionConfigurationPlatforms) = preSolution
		Debug|Any CPU = Debug|Any CPU
		Release|Any CPU = Release|Any CPU
	EndGlobalSection
	GlobalSection(ProjectConfigurationPlatforms) = postSolution
		{73CC81A8-165E-4B26-A15F-D7942D4DD601}.Debug|Any CPU.ActiveCfg = Debug|Any CPU
		{73CC81A8-165E-4B26-A15F-D7942D4DD601}.Debug|Any CPU.Build.0 = Debug|Any CPU
		{73CC81A8-165E-4B26-A15F-D7942D4DD601}.Release|Any CPU.ActiveCfg = Release|Any CPU
		{73CC81A8-165E-4B26-A15F-D7942D4DD601}.Release|Any CPU.Build.0 = Release|Any CPU
		{2190F038-1585-4169-88AD-E9AE516AEA39}.Debug|Any CPU.ActiveCfg = Debug|Any CPU
		{2190F038-1585-4169-88AD-E9AE516AEA39}.Debug|Any CPU.Build.0 = Debug|Any CPU
		{2190F038-1585-4169-88AD-E9AE516AEA39}.Release|Any CPU.ActiveCfg = Release|Any CPU
		{2190F038-1585-4169-88AD-E9AE516AEA39}.Release|Any CPU.Build.0 = Release|Any CPU
		{D50B7F1F-DA8E-472C-A9F3-39D0FCC13DCA}.Debug|Any CPU.ActiveCfg = Debug|Any CPU
		{D50B7F1F-DA8E-472C-A9F3-39D0FCC13DCA}.Debug|Any CPU.Build.0 = Debug|Any CPU
		{D50B7F1F-DA8E-472C-A9F3-39D0FCC13DCA}.Release|Any CPU.ActiveCfg = Release|Any CPU
		{D50B7F1F-DA8E-472C-A9F3-39D0FCC13DCA}.Release|Any CPU.Build.0 = Release|Any CPU
		{C7A2C17E-6AC2-4AEB-A9B3-6ACB82FC716C}.Debug|Any CPU.ActiveCfg = Debug|Any CPU
		{C7A2C17E-6AC2-4AEB-A9B3-6ACB82FC716C}.Debug|Any CPU.Build.0 = Debug|Any CPU
		{C7A2C17E-6AC2-4AEB-A9B3-6ACB82FC716C}.Release|Any CPU.ActiveCfg = Release|Any CPU
		{C7A2C17E-6AC2-4AEB-A9B3-6ACB82FC716C}.Release|Any CPU.Build.0 = Release|Any CPU
		{D7883FE7-1452-4B87-B652-8900B7D6B5A1}.Debug|Any CPU.ActiveCfg = Debug|Any CPU
		{D7883FE7-1452-4B87-B652-8900B7D6B5A1}.Debug|Any CPU.Build.0 = Debug|Any CPU
		{D7883FE7-1452-4B87-B652-8900B7D6B5A1}.Release|Any CPU.ActiveCfg = Release|Any CPU
		{D7883FE7-1452-4B87-B652-8900B7D6B5A1}.Release|Any CPU.Build.0 = Release|Any CPU
	EndGlobalSection
	GlobalSection(SolutionProperties) = preSolution
		HideSolutionNode = FALSE
	EndGlobalSection
EndGlobal
