
Microsoft Visual Studio Solution File, Format Version 12.00
# Visual Studio Version 17
VisualStudioVersion = 17.12.35506.116
MinimumVisualStudioVersion = 10.0.40219.1
Project("{FAE04EC0-301F-11D3-BF4B-00C04F79EFBC}") = "Api.DotNet.Domain", "Api.DotNet.Domain\Api.DotNet.Domain.csproj", "{73CC81A8-165E-4B26-A15F-D7942D4DD601}"
EndProject
Project("{FAE04EC0-301F-11D3-BF4B-00C04F79EFBC}") = "Api.DotNet.Infra.Data", "Api.DotNet.Infra.Data\Api.DotNet.Infra.Data.csproj", "{2190F038-1585-4169-88AD-E9AE516AEA39}"
EndProject
Project("{FAE04EC0-301F-11D3-BF4B-00C04F79EFBC}") = "Api.DotNet.Application", "Api.DotNet.Application\Api.DotNet.Application.csproj", "{AB51BC3B-AABF-4641-96F1-1AB9A70B0E38}"
EndProject
Project("{FAE04EC0-301F-11D3-BF4B-00C04F79EFBC}") = "Api.DotNet.Infra.IoC", "Api.DotNet.Infra.IoC\Api.DotNet.Infra.IoC.csproj", "{B1BF04B0-E707-45F8-8254-B92BFD00AE9B}"
EndProject
Project("{FAE04EC0-301F-11D3-BF4B-00C04F79EFBC}") = "Api.DotNet.Api", "Api.DotNet.Api\Api.DotNet.Api.csproj", "{4C22133F-D022-4CA5-8C40-0931C898C414}"
EndProject
Global
	GlobalSection(SolutionConfigurationPlatforms) = preSolution
		Debug|Any CPU = Debug|Any CPU
		Release|Any CPU = Release|Any CPU
	EndGlobalSection
	GlobalSection(ProjectConfigurationPlatforms) = postSolution
		{73CC81A8-165E-4B26-A15F-D7942D4DD601}.Debug|Any CPU.ActiveCfg = Debug|Any CPU
		{73CC81A8-165E-4B26-A15F-D7942D4DD601}.Debug|Any CPU.Build.0 = Debug|Any CPU
		{73CC81A8-165E-4B26-A15F-D7942D4DD601}.Release|Any CPU.ActiveCfg = Release|Any CPU
		{73CC81A8-165E-4B26-A15F-D7942D4DD601}.Release|Any CPU.Build.0 = Release|Any CPU
		{2190F038-1585-4169-88AD-E9AE516AEA39}.Debug|Any CPU.ActiveCfg = Debug|Any CPU
		{2190F038-1585-4169-88AD-E9AE516AEA39}.Debug|Any CPU.Build.0 = Debug|Any CPU
		{2190F038-1585-4169-88AD-E9AE516AEA39}.Release|Any CPU.ActiveCfg = Release|Any CPU
		{2190F038-1585-4169-88AD-E9AE516AEA39}.Release|Any CPU.Build.0 = Release|Any CPU
		{AB51BC3B-AABF-4641-96F1-1AB9A70B0E38}.Debug|Any CPU.ActiveCfg = Debug|Any CPU
		{AB51BC3B-AABF-4641-96F1-1AB9A70B0E38}.Debug|Any CPU.Build.0 = Debug|Any CPU
		{AB51BC3B-AABF-4641-96F1-1AB9A70B0E38}.Release|Any CPU.ActiveCfg = Release|Any CPU
		{AB51BC3B-AABF-4641-96F1-1AB9A70B0E38}.Release|Any CPU.Build.0 = Release|Any CPU
		{B1BF04B0-E707-45F8-8254-B92BFD00AE9B}.Debug|Any CPU.ActiveCfg = Debug|Any CPU
		{B1BF04B0-E707-45F8-8254-B92BFD00AE9B}.Debug|Any CPU.Build.0 = Debug|Any CPU
		{B1BF04B0-E707-45F8-8254-B92BFD00AE9B}.Release|Any CPU.ActiveCfg = Release|Any CPU
		{B1BF04B0-E707-45F8-8254-B92BFD00AE9B}.Release|Any CPU.Build.0 = Release|Any CPU
		{4C22133F-D022-4CA5-8C40-0931C898C414}.Debug|Any CPU.ActiveCfg = Debug|Any CPU
		{4C22133F-D022-4CA5-8C40-0931C898C414}.Debug|Any CPU.Build.0 = Debug|Any CPU
		{4C22133F-D022-4CA5-8C40-0931C898C414}.Release|Any CPU.ActiveCfg = Release|Any CPU
		{4C22133F-D022-4CA5-8C40-0931C898C414}.Release|Any CPU.Build.0 = Release|Any CPU
	EndGlobalSection
	GlobalSection(SolutionProperties) = preSolution
		HideSolutionNode = FALSE
	EndGlobalSection
EndGlobal
